// !$*UTF8*$!
{
	archiveVersion = 1;
	classes = {
	};
	objectVersion = 56;
	objects = {

/* Begin PBXBuildFile section */
		435A86B82B06BFD8004D3E93 /* addBlogView.swift in Sources */ = {isa = PBXBuildFile; fileRef = 435A86B72B06BFD8004D3E93 /* addBlogView.swift */; };
		435A86BA2B06E6E5004D3E93 /* ImagePicker.swift in Sources */ = {isa = PBXBuildFile; fileRef = 435A86B92B06E6E5004D3E93 /* ImagePicker.swift */; };
		435A86BD2B0721FF004D3E93 /* Alamofire in Frameworks */ = {isa = PBXBuildFile; productRef = 435A86BC2B0721FF004D3E93 /* Alamofire */; };
		435E1DB52B0C1B7A00E34AD5 /* CommentModel.swift in Sources */ = {isa = PBXBuildFile; fileRef = 435E1DB42B0C1B7A00E34AD5 /* CommentModel.swift */; };
		435E1DB72B0C1BAB00E34AD5 /* CommentRowView.swift in Sources */ = {isa = PBXBuildFile; fileRef = 435E1DB62B0C1BAB00E34AD5 /* CommentRowView.swift */; };
		43AA02F52AFBC3980072A719 /* BlogsApp.swift in Sources */ = {isa = PBXBuildFile; fileRef = 43AA02F42AFBC3980072A719 /* BlogsApp.swift */; };
		43AA02F72AFBC3980072A719 /* ContentView.swift in Sources */ = {isa = PBXBuildFile; fileRef = 43AA02F62AFBC3980072A719 /* ContentView.swift */; };
		43AA02F92AFBC39A0072A719 /* Assets.xcassets in Resources */ = {isa = PBXBuildFile; fileRef = 43AA02F82AFBC39A0072A719 /* Assets.xcassets */; };
		43AA02FC2AFBC39A0072A719 /* Preview Assets.xcassets in Resources */ = {isa = PBXBuildFile; fileRef = 43AA02FB2AFBC39A0072A719 /* Preview Assets.xcassets */; };
		43AA03062AFBC39A0072A719 /* BlogsTests.swift in Sources */ = {isa = PBXBuildFile; fileRef = 43AA03052AFBC39A0072A719 /* BlogsTests.swift */; };
		43AA03102AFBC39A0072A719 /* BlogsUITests.swift in Sources */ = {isa = PBXBuildFile; fileRef = 43AA030F2AFBC39A0072A719 /* BlogsUITests.swift */; };
		43AA03122AFBC39A0072A719 /* BlogsUITestsLaunchTests.swift in Sources */ = {isa = PBXBuildFile; fileRef = 43AA03112AFBC39A0072A719 /* BlogsUITestsLaunchTests.swift */; };
		43B278842B10203D00DACD44 /* BlogService.swift in Sources */ = {isa = PBXBuildFile; fileRef = 43B278832B10203D00DACD44 /* BlogService.swift */; };
		43D8B67D2AFBF347006C96D5 /* BlogModel.swift in Sources */ = {isa = PBXBuildFile; fileRef = 43D8B67C2AFBF347006C96D5 /* BlogModel.swift */; };
		43D8B6852AFBFDBC006C96D5 /* HomeView.swift in Sources */ = {isa = PBXBuildFile; fileRef = 43D8B6842AFBFDBC006C96D5 /* HomeView.swift */; };
		43D8B6872AFBFDDD006C96D5 /* FavoriteView.swift in Sources */ = {isa = PBXBuildFile; fileRef = 43D8B6862AFBFDDD006C96D5 /* FavoriteView.swift */; };
		43D8B6892AFBFDF2006C96D5 /* SettingsView.swift in Sources */ = {isa = PBXBuildFile; fileRef = 43D8B6882AFBFDF2006C96D5 /* SettingsView.swift */; };
		43D8B68B2AFC0A5A006C96D5 /* TabBarView.swift in Sources */ = {isa = PBXBuildFile; fileRef = 43D8B68A2AFC0A5A006C96D5 /* TabBarView.swift */; };
		5ADE1B2F2B0DA3C7008EDF90 /* ListReclamation.swift in Sources */ = {isa = PBXBuildFile; fileRef = 5ADE1B2E2B0DA3C7008EDF90 /* ListReclamation.swift */; };
		5ADE1B332B0DC638008EDF90 /* messagerieView.swift in Sources */ = {isa = PBXBuildFile; fileRef = 5ADE1B322B0DC638008EDF90 /* messagerieView.swift */; };
		5ADE1B352B0DC664008EDF90 /* Botresponse.swift in Sources */ = {isa = PBXBuildFile; fileRef = 5ADE1B342B0DC664008EDF90 /* Botresponse.swift */; };
		5AE3E96D2B0440BB00E5E356 /* ReclamationModel.swift in Sources */ = {isa = PBXBuildFile; fileRef = 5AE3E96C2B0440BB00E5E356 /* ReclamationModel.swift */; };
		5AE3E96F2B04419700E5E356 /* ReclamationView.swift in Sources */ = {isa = PBXBuildFile; fileRef = 5AE3E96E2B04419700E5E356 /* ReclamationView.swift */; };
		7A1C27C32AFD51F70056F8D9 /* SideMenu.swift in Sources */ = {isa = PBXBuildFile; fileRef = 7A1C27C22AFD51F70056F8D9 /* SideMenu.swift */; };
		7A1C27C52AFD58210056F8D9 /* SideViewContents.swift in Sources */ = {isa = PBXBuildFile; fileRef = 7A1C27C42AFD58210056F8D9 /* SideViewContents.swift */; };
/* End PBXBuildFile section */

/* Begin PBXContainerItemProxy section */
		43AA03022AFBC39A0072A719 /* PBXContainerItemProxy */ = {
			isa = PBXContainerItemProxy;
			containerPortal = 43AA02E92AFBC3980072A719 /* Project object */;
			proxyType = 1;
			remoteGlobalIDString = 43AA02F02AFBC3980072A719;
			remoteInfo = Blogs;
		};
		43AA030C2AFBC39A0072A719 /* PBXContainerItemProxy */ = {
			isa = PBXContainerItemProxy;
			containerPortal = 43AA02E92AFBC3980072A719 /* Project object */;
			proxyType = 1;
			remoteGlobalIDString = 43AA02F02AFBC3980072A719;
			remoteInfo = Blogs;
		};
/* End PBXContainerItemProxy section */

/* Begin PBXFileReference section */
		435A86B72B06BFD8004D3E93 /* addBlogView.swift */ = {isa = PBXFileReference; lastKnownFileType = sourcecode.swift; path = addBlogView.swift; sourceTree = "<group>"; };
		435A86B92B06E6E5004D3E93 /* ImagePicker.swift */ = {isa = PBXFileReference; lastKnownFileType = sourcecode.swift; path = ImagePicker.swift; sourceTree = "<group>"; };
		435E1DB42B0C1B7A00E34AD5 /* CommentModel.swift */ = {isa = PBXFileReference; lastKnownFileType = sourcecode.swift; path = CommentModel.swift; sourceTree = "<group>"; };
		435E1DB62B0C1BAB00E34AD5 /* CommentRowView.swift */ = {isa = PBXFileReference; lastKnownFileType = sourcecode.swift; path = CommentRowView.swift; sourceTree = "<group>"; };
		43AA02F12AFBC3980072A719 /* Blogs.app */ = {isa = PBXFileReference; explicitFileType = wrapper.application; includeInIndex = 0; path = Blogs.app; sourceTree = BUILT_PRODUCTS_DIR; };
		43AA02F42AFBC3980072A719 /* BlogsApp.swift */ = {isa = PBXFileReference; lastKnownFileType = sourcecode.swift; path = BlogsApp.swift; sourceTree = "<group>"; };
		43AA02F62AFBC3980072A719 /* ContentView.swift */ = {isa = PBXFileReference; lastKnownFileType = sourcecode.swift; path = ContentView.swift; sourceTree = "<group>"; usesTabs = 0; wrapsLines = 1; };
		43AA02F82AFBC39A0072A719 /* Assets.xcassets */ = {isa = PBXFileReference; lastKnownFileType = folder.assetcatalog; path = Assets.xcassets; sourceTree = "<group>"; };
		43AA02FB2AFBC39A0072A719 /* Preview Assets.xcassets */ = {isa = PBXFileReference; lastKnownFileType = folder.assetcatalog; path = "Preview Assets.xcassets"; sourceTree = "<group>"; };
		43AA03012AFBC39A0072A719 /* BlogsTests.xctest */ = {isa = PBXFileReference; explicitFileType = wrapper.cfbundle; includeInIndex = 0; path = BlogsTests.xctest; sourceTree = BUILT_PRODUCTS_DIR; };
		43AA03052AFBC39A0072A719 /* BlogsTests.swift */ = {isa = PBXFileReference; lastKnownFileType = sourcecode.swift; path = BlogsTests.swift; sourceTree = "<group>"; };
		43AA030B2AFBC39A0072A719 /* BlogsUITests.xctest */ = {isa = PBXFileReference; explicitFileType = wrapper.cfbundle; includeInIndex = 0; path = BlogsUITests.xctest; sourceTree = BUILT_PRODUCTS_DIR; };
		43AA030F2AFBC39A0072A719 /* BlogsUITests.swift */ = {isa = PBXFileReference; lastKnownFileType = sourcecode.swift; path = BlogsUITests.swift; sourceTree = "<group>"; };
		43AA03112AFBC39A0072A719 /* BlogsUITestsLaunchTests.swift */ = {isa = PBXFileReference; lastKnownFileType = sourcecode.swift; path = BlogsUITestsLaunchTests.swift; sourceTree = "<group>"; };
		43B278832B10203D00DACD44 /* BlogService.swift */ = {isa = PBXFileReference; lastKnownFileType = sourcecode.swift; path = BlogService.swift; sourceTree = "<group>"; };
		43D8B67C2AFBF347006C96D5 /* BlogModel.swift */ = {isa = PBXFileReference; lastKnownFileType = sourcecode.swift; path = BlogModel.swift; sourceTree = "<group>"; };
		43D8B6842AFBFDBC006C96D5 /* HomeView.swift */ = {isa = PBXFileReference; lastKnownFileType = sourcecode.swift; path = HomeView.swift; sourceTree = "<group>"; };
		43D8B6862AFBFDDD006C96D5 /* FavoriteView.swift */ = {isa = PBXFileReference; lastKnownFileType = sourcecode.swift; path = FavoriteView.swift; sourceTree = "<group>"; };
		43D8B6882AFBFDF2006C96D5 /* SettingsView.swift */ = {isa = PBXFileReference; lastKnownFileType = sourcecode.swift; path = SettingsView.swift; sourceTree = "<group>"; };
		43D8B68A2AFC0A5A006C96D5 /* TabBarView.swift */ = {isa = PBXFileReference; lastKnownFileType = sourcecode.swift; path = TabBarView.swift; sourceTree = "<group>"; };
		5ADE1B2E2B0DA3C7008EDF90 /* ListReclamation.swift */ = {isa = PBXFileReference; lastKnownFileType = sourcecode.swift; path = ListReclamation.swift; sourceTree = "<group>"; };
		5ADE1B322B0DC638008EDF90 /* messagerieView.swift */ = {isa = PBXFileReference; lastKnownFileType = sourcecode.swift; path = messagerieView.swift; sourceTree = "<group>"; };
		5ADE1B342B0DC664008EDF90 /* Botresponse.swift */ = {isa = PBXFileReference; lastKnownFileType = sourcecode.swift; path = Botresponse.swift; sourceTree = "<group>"; };
		5AE3E96C2B0440BB00E5E356 /* ReclamationModel.swift */ = {isa = PBXFileReference; lastKnownFileType = sourcecode.swift; path = ReclamationModel.swift; sourceTree = "<group>"; };
		5AE3E96E2B04419700E5E356 /* ReclamationView.swift */ = {isa = PBXFileReference; lastKnownFileType = sourcecode.swift; path = ReclamationView.swift; sourceTree = "<group>"; };
		7A1C27C22AFD51F70056F8D9 /* SideMenu.swift */ = {isa = PBXFileReference; lastKnownFileType = sourcecode.swift; path = SideMenu.swift; sourceTree = "<group>"; };
		7A1C27C42AFD58210056F8D9 /* SideViewContents.swift */ = {isa = PBXFileReference; lastKnownFileType = sourcecode.swift; path = SideViewContents.swift; sourceTree = "<group>"; };
/* End PBXFileReference section */

/* Begin PBXFrameworksBuildPhase section */
		43AA02EE2AFBC3980072A719 /* Frameworks */ = {
			isa = PBXFrameworksBuildPhase;
			buildActionMask = 2147483647;
			files = (
				435A86BD2B0721FF004D3E93 /* Alamofire in Frameworks */,
			);
			runOnlyForDeploymentPostprocessing = 0;
		};
		43AA02FE2AFBC39A0072A719 /* Frameworks */ = {
			isa = PBXFrameworksBuildPhase;
			buildActionMask = 2147483647;
			files = (
			);
			runOnlyForDeploymentPostprocessing = 0;
		};
		43AA03082AFBC39A0072A719 /* Frameworks */ = {
			isa = PBXFrameworksBuildPhase;
			buildActionMask = 2147483647;
			files = (
			);
			runOnlyForDeploymentPostprocessing = 0;
		};
/* End PBXFrameworksBuildPhase section */

/* Begin PBXGroup section */
		43AA02E82AFBC3980072A719 = {
			isa = PBXGroup;
			children = (
				43AA02F32AFBC3980072A719 /* Blogs */,
				43AA03042AFBC39A0072A719 /* BlogsTests */,
				43AA030E2AFBC39A0072A719 /* BlogsUITests */,
				43AA02F22AFBC3980072A719 /* Products */,
			);
			sourceTree = "<group>";
		};
		43AA02F22AFBC3980072A719 /* Products */ = {
			isa = PBXGroup;
			children = (
				43AA02F12AFBC3980072A719 /* Blogs.app */,
				43AA03012AFBC39A0072A719 /* BlogsTests.xctest */,
				43AA030B2AFBC39A0072A719 /* BlogsUITests.xctest */,
			);
			name = Products;
			sourceTree = "<group>";
		};
		43AA02F32AFBC3980072A719 /* Blogs */ = {
			isa = PBXGroup;
			children = (
				43B278822B10201300DACD44 /* Service */,
				43D8B6792AFBE77E006C96D5 /* Model */,
				43AA02F42AFBC3980072A719 /* BlogsApp.swift */,
				7A1C27C42AFD58210056F8D9 /* SideViewContents.swift */,
				435A86B92B06E6E5004D3E93 /* ImagePicker.swift */,
				43D8B6842AFBFDBC006C96D5 /* HomeView.swift */,
				435E1DB62B0C1BAB00E34AD5 /* CommentRowView.swift */,
				5ADE1B322B0DC638008EDF90 /* messagerieView.swift */,
				7A1C27C22AFD51F70056F8D9 /* SideMenu.swift */,
				43AA02F62AFBC3980072A719 /* ContentView.swift */,
				5ADE1B2E2B0DA3C7008EDF90 /* ListReclamation.swift */,
				435A86B72B06BFD8004D3E93 /* addBlogView.swift */,
				43D8B6882AFBFDF2006C96D5 /* SettingsView.swift */,
				43D8B6862AFBFDDD006C96D5 /* FavoriteView.swift */,
				43D8B68A2AFC0A5A006C96D5 /* TabBarView.swift */,
				5AE3E96E2B04419700E5E356 /* ReclamationView.swift */,
				43AA02F82AFBC39A0072A719 /* Assets.xcassets */,
				43AA02FA2AFBC39A0072A719 /* Preview Content */,
			);
			path = Blogs;
			sourceTree = "<group>";
		};
		43AA02FA2AFBC39A0072A719 /* Preview Content */ = {
			isa = PBXGroup;
			children = (
				43AA02FB2AFBC39A0072A719 /* Preview Assets.xcassets */,
			);
			path = "Preview Content";
			sourceTree = "<group>";
		};
		43AA03042AFBC39A0072A719 /* BlogsTests */ = {
			isa = PBXGroup;
			children = (
				43AA03052AFBC39A0072A719 /* BlogsTests.swift */,
			);
			path = BlogsTests;
			sourceTree = "<group>";
		};
		43AA030E2AFBC39A0072A719 /* BlogsUITests */ = {
			isa = PBXGroup;
			children = (
				43AA030F2AFBC39A0072A719 /* BlogsUITests.swift */,
				43AA03112AFBC39A0072A719 /* BlogsUITestsLaunchTests.swift */,
			);
			path = BlogsUITests;
			sourceTree = "<group>";
		};
		43B278822B10201300DACD44 /* Service */ = {
			isa = PBXGroup;
			children = (
				43B278832B10203D00DACD44 /* BlogService.swift */,
			);
			path = Service;
			sourceTree = "<group>";
		};
		43D8B6792AFBE77E006C96D5 /* Model */ = {
			isa = PBXGroup;
			children = (
				43D8B67C2AFBF347006C96D5 /* BlogModel.swift */,
				5AE3E96C2B0440BB00E5E356 /* ReclamationModel.swift */,
				5ADE1B342B0DC664008EDF90 /* Botresponse.swift */,
				435E1DB42B0C1B7A00E34AD5 /* CommentModel.swift */,
			);
			path = Model;
			sourceTree = "<group>";
		};
/* End PBXGroup section */

/* Begin PBXNativeTarget section */
		43AA02F02AFBC3980072A719 /* Blogs */ = {
			isa = PBXNativeTarget;
			buildConfigurationList = 43AA03152AFBC39A0072A719 /* Build configuration list for PBXNativeTarget "Blogs" */;
			buildPhases = (
				43AA02ED2AFBC3980072A719 /* Sources */,
				43AA02EE2AFBC3980072A719 /* Frameworks */,
				43AA02EF2AFBC3980072A719 /* Resources */,
			);
			buildRules = (
			);
			dependencies = (
			);
			name = Blogs;
			packageProductDependencies = (
				435A86BC2B0721FF004D3E93 /* Alamofire */,
			);
			productName = Blogs;
			productReference = 43AA02F12AFBC3980072A719 /* Blogs.app */;
			productType = "com.apple.product-type.application";
		};
		43AA03002AFBC39A0072A719 /* BlogsTests */ = {
			isa = PBXNativeTarget;
			buildConfigurationList = 43AA03182AFBC39A0072A719 /* Build configuration list for PBXNativeTarget "BlogsTests" */;
			buildPhases = (
				43AA02FD2AFBC39A0072A719 /* Sources */,
				43AA02FE2AFBC39A0072A719 /* Frameworks */,
				43AA02FF2AFBC39A0072A719 /* Resources */,
			);
			buildRules = (
			);
			dependencies = (
				43AA03032AFBC39A0072A719 /* PBXTargetDependency */,
			);
			name = BlogsTests;
			productName = BlogsTests;
			productReference = 43AA03012AFBC39A0072A719 /* BlogsTests.xctest */;
			productType = "com.apple.product-type.bundle.unit-test";
		};
		43AA030A2AFBC39A0072A719 /* BlogsUITests */ = {
			isa = PBXNativeTarget;
			buildConfigurationList = 43AA031B2AFBC39A0072A719 /* Build configuration list for PBXNativeTarget "BlogsUITests" */;
			buildPhases = (
				43AA03072AFBC39A0072A719 /* Sources */,
				43AA03082AFBC39A0072A719 /* Frameworks */,
				43AA03092AFBC39A0072A719 /* Resources */,
			);
			buildRules = (
			);
			dependencies = (
				43AA030D2AFBC39A0072A719 /* PBXTargetDependency */,
			);
			name = BlogsUITests;
			productName = BlogsUITests;
			productReference = 43AA030B2AFBC39A0072A719 /* BlogsUITests.xctest */;
			productType = "com.apple.product-type.bundle.ui-testing";
		};
/* End PBXNativeTarget section */

/* Begin PBXProject section */
		43AA02E92AFBC3980072A719 /* Project object */ = {
			isa = PBXProject;
			attributes = {
				BuildIndependentTargetsInParallel = 1;
				LastSwiftUpdateCheck = 1410;
				LastUpgradeCheck = 1410;
				TargetAttributes = {
					43AA02F02AFBC3980072A719 = {
						CreatedOnToolsVersion = 14.1;
					};
					43AA03002AFBC39A0072A719 = {
						CreatedOnToolsVersion = 14.1;
						TestTargetID = 43AA02F02AFBC3980072A719;
					};
					43AA030A2AFBC39A0072A719 = {
						CreatedOnToolsVersion = 14.1;
						TestTargetID = 43AA02F02AFBC3980072A719;
					};
				};
			};
			buildConfigurationList = 43AA02EC2AFBC3980072A719 /* Build configuration list for PBXProject "Blogs" */;
			compatibilityVersion = "Xcode 14.0";
			developmentRegion = en;
			hasScannedForEncodings = 0;
			knownRegions = (
				en,
				Base,
			);
			mainGroup = 43AA02E82AFBC3980072A719;
			packageReferences = (
				435A86BB2B0721FF004D3E93 /* XCRemoteSwiftPackageReference "Alamofire" */,
				435A86BE2B072509004D3E93 /* XCRemoteSwiftPackageReference "swift-driver-demo" */,
			);
			productRefGroup = 43AA02F22AFBC3980072A719 /* Products */;
			projectDirPath = "";
			projectRoot = "";
			targets = (
				43AA02F02AFBC3980072A719 /* Blogs */,
				43AA03002AFBC39A0072A719 /* BlogsTests */,
				43AA030A2AFBC39A0072A719 /* BlogsUITests */,
			);
		};
/* End PBXProject section */

/* Begin PBXResourcesBuildPhase section */
		43AA02EF2AFBC3980072A719 /* Resources */ = {
			isa = PBXResourcesBuildPhase;
			buildActionMask = 2147483647;
			files = (
				43AA02FC2AFBC39A0072A719 /* Preview Assets.xcassets in Resources */,
				43AA02F92AFBC39A0072A719 /* Assets.xcassets in Resources */,
			);
			runOnlyForDeploymentPostprocessing = 0;
		};
		43AA02FF2AFBC39A0072A719 /* Resources */ = {
			isa = PBXResourcesBuildPhase;
			buildActionMask = 2147483647;
			files = (
			);
			runOnlyForDeploymentPostprocessing = 0;
		};
		43AA03092AFBC39A0072A719 /* Resources */ = {
			isa = PBXResourcesBuildPhase;
			buildActionMask = 2147483647;
			files = (
			);
			runOnlyForDeploymentPostprocessing = 0;
		};
/* End PBXResourcesBuildPhase section */

/* Begin PBXSourcesBuildPhase section */
		43AA02ED2AFBC3980072A719 /* Sources */ = {
			isa = PBXSourcesBuildPhase;
			buildActionMask = 2147483647;
			files = (
				435A86BA2B06E6E5004D3E93 /* ImagePicker.swift in Sources */,
				5ADE1B332B0DC638008EDF90 /* messagerieView.swift in Sources */,
				43D8B6892AFBFDF2006C96D5 /* SettingsView.swift in Sources */,
				5AE3E96D2B0440BB00E5E356 /* ReclamationModel.swift in Sources */,
				43AA02F72AFBC3980072A719 /* ContentView.swift in Sources */,
				43D8B68B2AFC0A5A006C96D5 /* TabBarView.swift in Sources */,
				435A86B82B06BFD8004D3E93 /* addBlogView.swift in Sources */,
				7A1C27C32AFD51F70056F8D9 /* SideMenu.swift in Sources */,
				5AE3E96F2B04419700E5E356 /* ReclamationView.swift in Sources */,
				7A1C27C52AFD58210056F8D9 /* SideViewContents.swift in Sources */,
				435E1DB72B0C1BAB00E34AD5 /* CommentRowView.swift in Sources */,
				43D8B67D2AFBF347006C96D5 /* BlogModel.swift in Sources */,
				5ADE1B352B0DC664008EDF90 /* Botresponse.swift in Sources */,
				5ADE1B2F2B0DA3C7008EDF90 /* ListReclamation.swift in Sources */,
				43B278842B10203D00DACD44 /* BlogService.swift in Sources */,
				43AA02F52AFBC3980072A719 /* BlogsApp.swift in Sources */,
				435E1DB52B0C1B7A00E34AD5 /* CommentModel.swift in Sources */,
				43D8B6852AFBFDBC006C96D5 /* HomeView.swift in Sources */,
				43D8B6872AFBFDDD006C96D5 /* FavoriteView.swift in Sources */,
			);
			runOnlyForDeploymentPostprocessing = 0;
		};
		43AA02FD2AFBC39A0072A719 /* Sources */ = {
			isa = PBXSourcesBuildPhase;
			buildActionMask = 2147483647;
			files = (
				43AA03062AFBC39A0072A719 /* BlogsTests.swift in Sources */,
			);
			runOnlyForDeploymentPostprocessing = 0;
		};
		43AA03072AFBC39A0072A719 /* Sources */ = {
			isa = PBXSourcesBuildPhase;
			buildActionMask = 2147483647;
			files = (
				43AA03122AFBC39A0072A719 /* BlogsUITestsLaunchTests.swift in Sources */,
				43AA03102AFBC39A0072A719 /* BlogsUITests.swift in Sources */,
			);
			runOnlyForDeploymentPostprocessing = 0;
		};
/* End PBXSourcesBuildPhase section */

/* Begin PBXTargetDependency section */
		43AA03032AFBC39A0072A719 /* PBXTargetDependency */ = {
			isa = PBXTargetDependency;
			target = 43AA02F02AFBC3980072A719 /* Blogs */;
			targetProxy = 43AA03022AFBC39A0072A719 /* PBXContainerItemProxy */;
		};
		43AA030D2AFBC39A0072A719 /* PBXTargetDependency */ = {
			isa = PBXTargetDependency;
			target = 43AA02F02AFBC3980072A719 /* Blogs */;
			targetProxy = 43AA030C2AFBC39A0072A719 /* PBXContainerItemProxy */;
		};
/* End PBXTargetDependency section */

/* Begin XCBuildConfiguration section */
		43AA03132AFBC39A0072A719 /* Debug */ = {
			isa = XCBuildConfiguration;
			buildSettings = {
				ALWAYS_SEARCH_USER_PATHS = NO;
				CLANG_ANALYZER_NONNULL = YES;
				CLANG_ANALYZER_NUMBER_OBJECT_CONVERSION = YES_AGGRESSIVE;
				CLANG_CXX_LANGUAGE_STANDARD = "gnu++20";
				CLANG_ENABLE_MODULES = YES;
				CLANG_ENABLE_OBJC_ARC = YES;
				CLANG_ENABLE_OBJC_WEAK = YES;
				CLANG_WARN_BLOCK_CAPTURE_AUTORELEASING = YES;
				CLANG_WARN_BOOL_CONVERSION = YES;
				CLANG_WARN_COMMA = YES;
				CLANG_WARN_CONSTANT_CONVERSION = YES;
				CLANG_WARN_DEPRECATED_OBJC_IMPLEMENTATIONS = YES;
				CLANG_WARN_DIRECT_OBJC_ISA_USAGE = YES_ERROR;
				CLANG_WARN_DOCUMENTATION_COMMENTS = YES;
				CLANG_WARN_EMPTY_BODY = YES;
				CLANG_WARN_ENUM_CONVERSION = YES;
				CLANG_WARN_INFINITE_RECURSION = YES;
				CLANG_WARN_INT_CONVERSION = YES;
				CLANG_WARN_NON_LITERAL_NULL_CONVERSION = YES;
				CLANG_WARN_OBJC_IMPLICIT_RETAIN_SELF = YES;
				CLANG_WARN_OBJC_LITERAL_CONVERSION = YES;
				CLANG_WARN_OBJC_ROOT_CLASS = YES_ERROR;
				CLANG_WARN_QUOTED_INCLUDE_IN_FRAMEWORK_HEADER = YES;
				CLANG_WARN_RANGE_LOOP_ANALYSIS = YES;
				CLANG_WARN_STRICT_PROTOTYPES = YES;
				CLANG_WARN_SUSPICIOUS_MOVE = YES;
				CLANG_WARN_UNGUARDED_AVAILABILITY = YES_AGGRESSIVE;
				CLANG_WARN_UNREACHABLE_CODE = YES;
				CLANG_WARN__DUPLICATE_METHOD_MATCH = YES;
				COPY_PHASE_STRIP = NO;
				DEBUG_INFORMATION_FORMAT = dwarf;
				ENABLE_STRICT_OBJC_MSGSEND = YES;
				ENABLE_TESTABILITY = YES;
				GCC_C_LANGUAGE_STANDARD = gnu11;
				GCC_DYNAMIC_NO_PIC = NO;
				GCC_NO_COMMON_BLOCKS = YES;
				GCC_OPTIMIZATION_LEVEL = 0;
				GCC_PREPROCESSOR_DEFINITIONS = (
					"DEBUG=1",
					"$(inherited)",
				);
				GCC_WARN_64_TO_32_BIT_CONVERSION = YES;
				GCC_WARN_ABOUT_RETURN_TYPE = YES_ERROR;
				GCC_WARN_UNDECLARED_SELECTOR = YES;
				GCC_WARN_UNINITIALIZED_AUTOS = YES_AGGRESSIVE;
				GCC_WARN_UNUSED_FUNCTION = YES;
				GCC_WARN_UNUSED_VARIABLE = YES;
				IPHONEOS_DEPLOYMENT_TARGET = 16.1;
				MTL_ENABLE_DEBUG_INFO = INCLUDE_SOURCE;
				MTL_FAST_MATH = YES;
				ONLY_ACTIVE_ARCH = YES;
				SDKROOT = iphoneos;
				SWIFT_ACTIVE_COMPILATION_CONDITIONS = DEBUG;
				SWIFT_OPTIMIZATION_LEVEL = "-Onone";
			};
			name = Debug;
		};
		43AA03142AFBC39A0072A719 /* Release */ = {
			isa = XCBuildConfiguration;
			buildSettings = {
				ALWAYS_SEARCH_USER_PATHS = NO;
				CLANG_ANALYZER_NONNULL = YES;
				CLANG_ANALYZER_NUMBER_OBJECT_CONVERSION = YES_AGGRESSIVE;
				CLANG_CXX_LANGUAGE_STANDARD = "gnu++20";
				CLANG_ENABLE_MODULES = YES;
				CLANG_ENABLE_OBJC_ARC = YES;
				CLANG_ENABLE_OBJC_WEAK = YES;
				CLANG_WARN_BLOCK_CAPTURE_AUTORELEASING = YES;
				CLANG_WARN_BOOL_CONVERSION = YES;
				CLANG_WARN_COMMA = YES;
				CLANG_WARN_CONSTANT_CONVERSION = YES;
				CLANG_WARN_DEPRECATED_OBJC_IMPLEMENTATIONS = YES;
				CLANG_WARN_DIRECT_OBJC_ISA_USAGE = YES_ERROR;
				CLANG_WARN_DOCUMENTATION_COMMENTS = YES;
				CLANG_WARN_EMPTY_BODY = YES;
				CLANG_WARN_ENUM_CONVERSION = YES;
				CLANG_WARN_INFINITE_RECURSION = YES;
				CLANG_WARN_INT_CONVERSION = YES;
				CLANG_WARN_NON_LITERAL_NULL_CONVERSION = YES;
				CLANG_WARN_OBJC_IMPLICIT_RETAIN_SELF = YES;
				CLANG_WARN_OBJC_LITERAL_CONVERSION = YES;
				CLANG_WARN_OBJC_ROOT_CLASS = YES_ERROR;
				CLANG_WARN_QUOTED_INCLUDE_IN_FRAMEWORK_HEADER = YES;
				CLANG_WARN_RANGE_LOOP_ANALYSIS = YES;
				CLANG_WARN_STRICT_PROTOTYPES = YES;
				CLANG_WARN_SUSPICIOUS_MOVE = YES;
				CLANG_WARN_UNGUARDED_AVAILABILITY = YES_AGGRESSIVE;
				CLANG_WARN_UNREACHABLE_CODE = YES;
				CLANG_WARN__DUPLICATE_METHOD_MATCH = YES;
				COPY_PHASE_STRIP = NO;
				DEBUG_INFORMATION_FORMAT = "dwarf-with-dsym";
				ENABLE_NS_ASSERTIONS = NO;
				ENABLE_STRICT_OBJC_MSGSEND = YES;
				GCC_C_LANGUAGE_STANDARD = gnu11;
				GCC_NO_COMMON_BLOCKS = YES;
				GCC_WARN_64_TO_32_BIT_CONVERSION = YES;
				GCC_WARN_ABOUT_RETURN_TYPE = YES_ERROR;
				GCC_WARN_UNDECLARED_SELECTOR = YES;
				GCC_WARN_UNINITIALIZED_AUTOS = YES_AGGRESSIVE;
				GCC_WARN_UNUSED_FUNCTION = YES;
				GCC_WARN_UNUSED_VARIABLE = YES;
				IPHONEOS_DEPLOYMENT_TARGET = 16.1;
				MTL_ENABLE_DEBUG_INFO = NO;
				MTL_FAST_MATH = YES;
				SDKROOT = iphoneos;
				SWIFT_COMPILATION_MODE = wholemodule;
				SWIFT_OPTIMIZATION_LEVEL = "-O";
				VALIDATE_PRODUCT = YES;
			};
			name = Release;
		};
		43AA03162AFBC39A0072A719 /* Debug */ = {
			isa = XCBuildConfiguration;
			buildSettings = {
				ASSETCATALOG_COMPILER_APPICON_NAME = AppIcon;
				ASSETCATALOG_COMPILER_GLOBAL_ACCENT_COLOR_NAME = AccentColor;
				CODE_SIGN_STYLE = Automatic;
				CURRENT_PROJECT_VERSION = 1;
				DEVELOPMENT_ASSET_PATHS = "\"Blogs/Preview Content\"";
				ENABLE_PREVIEWS = YES;
				GENERATE_INFOPLIST_FILE = YES;
				INFOPLIST_KEY_UIApplicationSceneManifest_Generation = YES;
				INFOPLIST_KEY_UIApplicationSupportsIndirectInputEvents = YES;
				INFOPLIST_KEY_UILaunchScreen_Generation = YES;
				INFOPLIST_KEY_UISupportedInterfaceOrientations_iPad = "UIInterfaceOrientationPortrait UIInterfaceOrientationPortraitUpsideDown UIInterfaceOrientationLandscapeLeft UIInterfaceOrientationLandscapeRight";
				INFOPLIST_KEY_UISupportedInterfaceOrientations_iPhone = "UIInterfaceOrientationPortrait UIInterfaceOrientationLandscapeLeft UIInterfaceOrientationLandscapeRight";
				LD_RUNPATH_SEARCH_PATHS = (
					"$(inherited)",
					"@executable_path/Frameworks",
				);
				MARKETING_VERSION = 1.0;
				PRODUCT_BUNDLE_IDENTIFIER = esprit.tn.Blogs;
				PRODUCT_NAME = "$(TARGET_NAME)";
				SWIFT_EMIT_LOC_STRINGS = YES;
				SWIFT_VERSION = 5.0;
				TARGETED_DEVICE_FAMILY = "1,2";
			};
			name = Debug;
		};
		43AA03172AFBC39A0072A719 /* Release */ = {
			isa = XCBuildConfiguration;
			buildSettings = {
				ASSETCATALOG_COMPILER_APPICON_NAME = AppIcon;
				ASSETCATALOG_COMPILER_GLOBAL_ACCENT_COLOR_NAME = AccentColor;
				CODE_SIGN_STYLE = Automatic;
				CURRENT_PROJECT_VERSION = 1;
				DEVELOPMENT_ASSET_PATHS = "\"Blogs/Preview Content\"";
				ENABLE_PREVIEWS = YES;
				GENERATE_INFOPLIST_FILE = YES;
				INFOPLIST_KEY_UIApplicationSceneManifest_Generation = YES;
				INFOPLIST_KEY_UIApplicationSupportsIndirectInputEvents = YES;
				INFOPLIST_KEY_UILaunchScreen_Generation = YES;
				INFOPLIST_KEY_UISupportedInterfaceOrientations_iPad = "UIInterfaceOrientationPortrait UIInterfaceOrientationPortraitUpsideDown UIInterfaceOrientationLandscapeLeft UIInterfaceOrientationLandscapeRight";
				INFOPLIST_KEY_UISupportedInterfaceOrientations_iPhone = "UIInterfaceOrientationPortrait UIInterfaceOrientationLandscapeLeft UIInterfaceOrientationLandscapeRight";
				LD_RUNPATH_SEARCH_PATHS = (
					"$(inherited)",
					"@executable_path/Frameworks",
				);
				MARKETING_VERSION = 1.0;
				PRODUCT_BUNDLE_IDENTIFIER = esprit.tn.Blogs;
				PRODUCT_NAME = "$(TARGET_NAME)";
				SWIFT_EMIT_LOC_STRINGS = YES;
				SWIFT_VERSION = 5.0;
				TARGETED_DEVICE_FAMILY = "1,2";
			};
			name = Release;
		};
		43AA03192AFBC39A0072A719 /* Debug */ = {
			isa = XCBuildConfiguration;
			buildSettings = {
				ALWAYS_EMBED_SWIFT_STANDARD_LIBRARIES = YES;
				BUNDLE_LOADER = "$(TEST_HOST)";
				CODE_SIGN_STYLE = Automatic;
				CURRENT_PROJECT_VERSION = 1;
				GENERATE_INFOPLIST_FILE = YES;
				IPHONEOS_DEPLOYMENT_TARGET = 16.1;
				MARKETING_VERSION = 1.0;
				PRODUCT_BUNDLE_IDENTIFIER = esprit.tn.BlogsTests;
				PRODUCT_NAME = "$(TARGET_NAME)";
				SWIFT_EMIT_LOC_STRINGS = NO;
				SWIFT_VERSION = 5.0;
				TARGETED_DEVICE_FAMILY = "1,2";
				TEST_HOST = "$(BUILT_PRODUCTS_DIR)/Blogs.app/$(BUNDLE_EXECUTABLE_FOLDER_PATH)/Blogs";
			};
			name = Debug;
		};
		43AA031A2AFBC39A0072A719 /* Release */ = {
			isa = XCBuildConfiguration;
			buildSettings = {
				ALWAYS_EMBED_SWIFT_STANDARD_LIBRARIES = YES;
				BUNDLE_LOADER = "$(TEST_HOST)";
				CODE_SIGN_STYLE = Automatic;
				CURRENT_PROJECT_VERSION = 1;
				GENERATE_INFOPLIST_FILE = YES;
				IPHONEOS_DEPLOYMENT_TARGET = 16.1;
				MARKETING_VERSION = 1.0;
				PRODUCT_BUNDLE_IDENTIFIER = esprit.tn.BlogsTests;
				PRODUCT_NAME = "$(TARGET_NAME)";
				SWIFT_EMIT_LOC_STRINGS = NO;
				SWIFT_VERSION = 5.0;
				TARGETED_DEVICE_FAMILY = "1,2";
				TEST_HOST = "$(BUILT_PRODUCTS_DIR)/Blogs.app/$(BUNDLE_EXECUTABLE_FOLDER_PATH)/Blogs";
			};
			name = Release;
		};
		43AA031C2AFBC39A0072A719 /* Debug */ = {
			isa = XCBuildConfiguration;
			buildSettings = {
				ALWAYS_EMBED_SWIFT_STANDARD_LIBRARIES = YES;
				CODE_SIGN_STYLE = Automatic;
				CURRENT_PROJECT_VERSION = 1;
				GENERATE_INFOPLIST_FILE = YES;
				MARKETING_VERSION = 1.0;
				PRODUCT_BUNDLE_IDENTIFIER = esprit.tn.BlogsUITests;
				PRODUCT_NAME = "$(TARGET_NAME)";
				SWIFT_EMIT_LOC_STRINGS = NO;
				SWIFT_VERSION = 5.0;
				TARGETED_DEVICE_FAMILY = "1,2";
				TEST_TARGET_NAME = Blogs;
			};
			name = Debug;
		};
		43AA031D2AFBC39A0072A719 /* Release */ = {
			isa = XCBuildConfiguration;
			buildSettings = {
				ALWAYS_EMBED_SWIFT_STANDARD_LIBRARIES = YES;
				CODE_SIGN_STYLE = Automatic;
				CURRENT_PROJECT_VERSION = 1;
				GENERATE_INFOPLIST_FILE = YES;
				MARKETING_VERSION = 1.0;
				PRODUCT_BUNDLE_IDENTIFIER = esprit.tn.BlogsUITests;
				PRODUCT_NAME = "$(TARGET_NAME)";
				SWIFT_EMIT_LOC_STRINGS = NO;
				SWIFT_VERSION = 5.0;
				TARGETED_DEVICE_FAMILY = "1,2";
				TEST_TARGET_NAME = Blogs;
			};
			name = Release;
		};
/* End XCBuildConfiguration section */

/* Begin XCConfigurationList section */
		43AA02EC2AFBC3980072A719 /* Build configuration list for PBXProject "Blogs" */ = {
			isa = XCConfigurationList;
			buildConfigurations = (
				43AA03132AFBC39A0072A719 /* Debug */,
				43AA03142AFBC39A0072A719 /* Release */,
			);
			defaultConfigurationIsVisible = 0;
			defaultConfigurationName = Release;
		};
		43AA03152AFBC39A0072A719 /* Build configuration list for PBXNativeTarget "Blogs" */ = {
			isa = XCConfigurationList;
			buildConfigurations = (
				43AA03162AFBC39A0072A719 /* Debug */,
				43AA03172AFBC39A0072A719 /* Release */,
			);
			defaultConfigurationIsVisible = 0;
			defaultConfigurationName = Release;
		};
		43AA03182AFBC39A0072A719 /* Build configuration list for PBXNativeTarget "BlogsTests" */ = {
			isa = XCConfigurationList;
			buildConfigurations = (
				43AA03192AFBC39A0072A719 /* Debug */,
				43AA031A2AFBC39A0072A719 /* Release */,
			);
			defaultConfigurationIsVisible = 0;
			defaultConfigurationName = Release;
		};
		43AA031B2AFBC39A0072A719 /* Build configuration list for PBXNativeTarget "BlogsUITests" */ = {
			isa = XCConfigurationList;
			buildConfigurations = (
				43AA031C2AFBC39A0072A719 /* Debug */,
				43AA031D2AFBC39A0072A719 /* Release */,
			);
			defaultConfigurationIsVisible = 0;
			defaultConfigurationName = Release;
		};
/* End XCConfigurationList section */

/* Begin XCRemoteSwiftPackageReference section */
		435A86BB2B0721FF004D3E93 /* XCRemoteSwiftPackageReference "Alamofire" */ = {
			isa = XCRemoteSwiftPackageReference;
			repositoryURL = "https://github.com/Alamofire/Alamofire.git";
			requirement = {
				kind = upToNextMajorVersion;
				minimumVersion = 5.0.0;
			};
		};
		435A86BE2B072509004D3E93 /* XCRemoteSwiftPackageReference "swift-driver-demo" */ = {
			isa = XCRemoteSwiftPackageReference;
			repositoryURL = "https://github.com/kmahar/swift-driver-demo";
			requirement = {
				branch = main;
				kind = branch;
			};
		};
/* End XCRemoteSwiftPackageReference section */

/* Begin XCSwiftPackageProductDependency section */
		435A86BC2B0721FF004D3E93 /* Alamofire */ = {
			isa = XCSwiftPackageProductDependency;
			package = 435A86BB2B0721FF004D3E93 /* XCRemoteSwiftPackageReference "Alamofire" */;
			productName = Alamofire;
		};
/* End XCSwiftPackageProductDependency section */
	};
	rootObject = 43AA02E92AFBC3980072A719 /* Project object */;
}
